// !$*UTF8*$!
{
	archiveVersion = 1;
	classes = {
	};
	objectVersion = 77;
	objects = {

/* Begin PBXBuildFile section */
		A26812DD2F8A94D3002F6BFD /* Assets.xcassets in Resources */ = {isa = PBXBuildFile; fileRef = A26812D42F8A94D3002F6BFD /* Assets.xcassets */; };
		A26812DF2F8A94D3002F6BFD /* LaunchScreen.storyboard in Resources */ = {isa = PBXBuildFile; fileRef = A26812D72F8A94D3002F6BFD /* LaunchScreen.storyboard */; };
		A26812E12F8A94D3002F6BFD /* AppDelegate.swift in Sources */ = {isa = PBXBuildFile; fileRef = A26812D32F8A94D3002F6BFD /* AppDelegate.swift */; };
		A26812E22F8A94D3002F6BFD /* SceneDelegate.swift in Sources */ = {isa = PBXBuildFile; fileRef = A26812DA2F8A94D3002F6BFD /* SceneDelegate.swift */; };
		A26812E32F8A94D3002F6BFD /* MainViewController.swift in Sources */ = {isa = PBXBuildFile; fileRef = A26812DB2F8A94D3002F6BFD /* MainViewController.swift */; };
		A26812E52F8A9545002F6BFD /* MainViewModel.swift in Sources */ = {isa = PBXBuildFile; fileRef = A26812E42F8A9545002F6BFD /* MainViewModel.swift */; };
		A26812E72F8A956F002F6BFD /* ToDo.swift in Sources */ = {isa = PBXBuildFile; fileRef = A26812E62F8A956F002F6BFD /* ToDo.swift */; };
		A26812EB2F8A9592002F6BFD /* UserDefaultsStorage.swift in Sources */ = {isa = PBXBuildFile; fileRef = A26812EA2F8A9592002F6BFD /* UserDefaultsStorage.swift */; };
		A26812ED2F8A95A1002F6BFD /* StorageManager.swift in Sources */ = {isa = PBXBuildFile; fileRef = A26812EC2F8A95A1002F6BFD /* StorageManager.swift */; };
		A26812EF2F8A95D3002F6BFD /* Extensions.swift in Sources */ = {isa = PBXBuildFile; fileRef = A26812EE2F8A95D3002F6BFD /* Extensions.swift */; };
		A26812F12F8A95E9002F6BFD /* Protocols.swift in Sources */ = {isa = PBXBuildFile; fileRef = A26812F02F8A95E9002F6BFD /* Protocols.swift */; };
		A26812F32F8A977D002F6BFD /* ToDoCell.swift in Sources */ = {isa = PBXBuildFile; fileRef = A26812F22F8A977D002F6BFD /* ToDoCell.swift */; };
/* End PBXBuildFile section */

/* Begin PBXFileReference section */
		A26812AA2F8A93A1002F6BFD /* Flow.app */ = {isa = PBXFileReference; explicitFileType = wrapper.application; includeInIndex = 0; path = Flow.app; sourceTree = BUILT_PRODUCTS_DIR; };
		A26812D32F8A94D3002F6BFD /* AppDelegate.swift */ = {isa = PBXFileReference; lastKnownFileType = sourcecode.swift; path = AppDelegate.swift; sourceTree = "<group>"; };
		A26812D42F8A94D3002F6BFD /* Assets.xcassets */ = {isa = PBXFileReference; lastKnownFileType = folder.assetcatalog; path = Assets.xcassets; sourceTree = "<group>"; };
		A26812D52F8A94D3002F6BFD /* Info.plist */ = {isa = PBXFileReference; lastKnownFileType = text.plist.xml; path = Info.plist; sourceTree = "<group>"; };
		A26812D62F8A94D3002F6BFD /* Base */ = {isa = PBXFileReference; lastKnownFileType = file.storyboard; name = Base; path = Base.lproj/LaunchScreen.storyboard; sourceTree = "<group>"; };
		A26812DA2F8A94D3002F6BFD /* SceneDelegate.swift */ = {isa = PBXFileReference; lastKnownFileType = sourcecode.swift; path = SceneDelegate.swift; sourceTree = "<group>"; };
		A26812DB2F8A94D3002F6BFD /* MainViewController.swift */ = {isa = PBXFileReference; lastKnownFileType = sourcecode.swift; path = MainViewController.swift; sourceTree = "<group>"; };
		A26812E42F8A9545002F6BFD /* MainViewModel.swift */ = {isa = PBXFileReference; lastKnownFileType = sourcecode.swift; path = MainViewModel.swift; sourceTree = "<group>"; };
		A26812E62F8A956F002F6BFD /* ToDo.swift */ = {isa = PBXFileReference; lastKnownFileType = sourcecode.swift; path = ToDo.swift; sourceTree = "<group>"; };
		A26812EA2F8A9592002F6BFD /* UserDefaultsStorage.swift */ = {isa = PBXFileReference; lastKnownFileType = sourcecode.swift; path = UserDefaultsStorage.swift; sourceTree = "<group>"; };
		A26812EC2F8A95A1002F6BFD /* StorageManager.swift */ = {isa = PBXFileReference; lastKnownFileType = sourcecode.swift; path = StorageManager.swift; sourceTree = "<group>"; };
		A26812EE2F8A95D3002F6BFD /* Extensions.swift */ = {isa = PBXFileReference; lastKnownFileType = sourcecode.swift; path = Extensions.swift; sourceTree = "<group>"; };
		A26812F02F8A95E9002F6BFD /* Protocols.swift */ = {isa = PBXFileReference; lastKnownFileType = sourcecode.swift; path = Protocols.swift; sourceTree = "<group>"; };
		A26812F22F8A977D002F6BFD /* ToDoCell.swift */ = {isa = PBXFileReference; lastKnownFileType = sourcecode.swift; path = ToDoCell.swift; sourceTree = "<group>"; };
/* End PBXFileReference section */

/* Begin PBXFrameworksBuildPhase section */
		A26812A72F8A93A1002F6BFD /* Frameworks */ = {
			isa = PBXFrameworksBuildPhase;
			buildActionMask = 2147483647;
			files = (
			);
			runOnlyForDeploymentPostprocessing = 0;
		};
/* End PBXFrameworksBuildPhase section */

/* Begin PBXGroup section */
		A26812A12F8A93A1002F6BFD = {
			isa = PBXGroup;
			children = (
				A26812DC2F8A94D3002F6BFD /* Flow */,
				A26812AB2F8A93A1002F6BFD /* Products */,
			);
			sourceTree = "<group>";
		};
		A26812AB2F8A93A1002F6BFD /* Products */ = {
			isa = PBXGroup;
			children = (
				A26812AA2F8A93A1002F6BFD /* Flow.app */,
			);
			name = Products;
			sourceTree = "<group>";
		};
		A26812CE2F8A94D3002F6BFD /* Models */ = {
			isa = PBXGroup;
			children = (
				A26812E62F8A956F002F6BFD /* ToDo.swift */,
			);
			path = Models;
			sourceTree = "<group>";
		};
		A26812CF2F8A94D3002F6BFD /* MainScreen */ = {
			isa = PBXGroup;
			children = (
			);
			path = MainScreen;
			sourceTree = "<group>";
		};
		A26812D02F8A94D3002F6BFD /* Scenes */ = {
			isa = PBXGroup;
			children = (
				A26812CF2F8A94D3002F6BFD /* MainScreen */,
				A26812DB2F8A94D3002F6BFD /* MainViewController.swift */,
				A26812E42F8A9545002F6BFD /* MainViewModel.swift */,
				A26812F22F8A977D002F6BFD /* ToDoCell.swift */,
			);
			path = Scenes;
			sourceTree = "<group>";
		};
		A26812D12F8A94D3002F6BFD /* Storage */ = {
			isa = PBXGroup;
			children = (
				A26812EC2F8A95A1002F6BFD /* StorageManager.swift */,
				A26812EA2F8A9592002F6BFD /* UserDefaultsStorage.swift */,
			);
			path = Storage;
			sourceTree = "<group>";
		};
		A26812D22F8A94D3002F6BFD /* Supporting */ = {
			isa = PBXGroup;
			children = (
				A26812DA2F8A94D3002F6BFD /* SceneDelegate.swift */,
				A26812D32F8A94D3002F6BFD /* AppDelegate.swift */,
				A26812EE2F8A95D3002F6BFD /* Extensions.swift */,
				A26812F02F8A95E9002F6BFD /* Protocols.swift */,
				A26812D72F8A94D3002F6BFD /* LaunchScreen.storyboard */,
				A26812D42F8A94D3002F6BFD /* Assets.xcassets */,
			);
			path = Supporting;
			sourceTree = "<group>";
		};
		A26812DC2F8A94D3002F6BFD /* Flow */ = {
			isa = PBXGroup;
			children = (
				A26812D02F8A94D3002F6BFD /* Scenes */,
				A26812CE2F8A94D3002F6BFD /* Models */,
				A26812D12F8A94D3002F6BFD /* Storage */,
				A26812D22F8A94D3002F6BFD /* Supporting */,
				A26812D52F8A94D3002F6BFD /* Info.plist */,
			);
			path = Flow;
			sourceTree = "<group>";
		};
/* End PBXGroup section */

/* Begin PBXNativeTarget section */
		A26812A92F8A93A1002F6BFD /* Flow */ = {
			isa = PBXNativeTarget;
			buildConfigurationList = A26812BD2F8A93A3002F6BFD /* Build configuration list for PBXNativeTarget "Flow" */;
			buildPhases = (
				A26812A62F8A93A1002F6BFD /* Sources */,
				A26812A72F8A93A1002F6BFD /* Frameworks */,
				A26812A82F8A93A1002F6BFD /* Resources */,
			);
			buildRules = (
			);
			dependencies = (
			);
			name = Flow;
			packageProductDependencies = (
			);
			productName = Flow;
			productReference = A26812AA2F8A93A1002F6BFD /* Flow.app */;
			productType = "com.apple.product-type.application";
		};
/* End PBXNativeTarget section */

/* Begin PBXProject section */
		A26812A22F8A93A1002F6BFD /* Project object */ = {
			isa = PBXProject;
			attributes = {
				BuildIndependentTargetsInParallel = 1;
				LastSwiftUpdateCheck = 2600;
				LastUpgradeCheck = 2600;
				TargetAttributes = {
					A26812A92F8A93A1002F6BFD = {
						CreatedOnToolsVersion = 26.0.1;
					};
				};
			};
			buildConfigurationList = A26812A52F8A93A1002F6BFD /* Build configuration list for PBXProject "Flow" */;
			developmentRegion = en;
			hasScannedForEncodings = 0;
			knownRegions = (
				en,
				Base,
			);
			mainGroup = A26812A12F8A93A1002F6BFD;
			minimizedProjectReferenceProxies = 1;
			preferredProjectObjectVersion = 77;
			productRefGroup = A26812AB2F8A93A1002F6BFD /* Products */;
			projectDirPath = "";
			projectRoot = "";
			targets = (
				A26812A92F8A93A1002F6BFD /* Flow */,
			);
		};
/* End PBXProject section */

/* Begin PBXResourcesBuildPhase section */
		A26812A82F8A93A1002F6BFD /* Resources */ = {
			isa = PBXResourcesBuildPhase;
			buildActionMask = 2147483647;
			files = (
				A26812DD2F8A94D3002F6BFD /* Assets.xcassets in Resources */,
				A26812DF2F8A94D3002F6BFD /* LaunchScreen.storyboard in Resources */,
			);
			runOnlyForDeploymentPostprocessing = 0;
		};
/* End PBXResourcesBuildPhase section */

/* Begin PBXSourcesBuildPhase section */
		A26812A62F8A93A1002F6BFD /* Sources */ = {
			isa = PBXSourcesBuildPhase;
			buildActionMask = 2147483647;
			files = (
				A26812E12F8A94D3002F6BFD /* AppDelegate.swift in Sources */,
				A26812E72F8A956F002F6BFD /* ToDo.swift in Sources */,
				A26812E22F8A94D3002F6BFD /* SceneDelegate.swift in Sources */,
				A26812F12F8A95E9002F6BFD /* Protocols.swift in Sources */,
				A26812EF2F8A95D3002F6BFD /* Extensions.swift in Sources */,
				A26812ED2F8A95A1002F6BFD /* StorageManager.swift in Sources */,
				A26812E32F8A94D3002F6BFD /* MainViewController.swift in Sources */,
				A26812EB2F8A9592002F6BFD /* UserDefaultsStorage.swift in Sources */,
				A26812E52F8A9545002F6BFD /* MainViewModel.swift in Sources */,
				A26812F32F8A977D002F6BFD /* ToDoCell.swift in Sources */,
			);
			runOnlyForDeploymentPostprocessing = 0;
		};
/* End PBXSourcesBuildPhase section */

/* Begin PBXVariantGroup section */
		A26812D72F8A94D3002F6BFD /* LaunchScreen.storyboard */ = {
			isa = PBXVariantGroup;
			children = (
				A26812D62F8A94D3002F6BFD /* Base */,
			);
			name = LaunchScreen.storyboard;
			sourceTree = "<group>";
		};
/* End PBXVariantGroup section */

/* Begin XCBuildConfiguration section */
		A26812BE2F8A93A3002F6BFD /* Debug */ = {
			isa = XCBuildConfiguration;
			buildSettings = {
				ASSETCATALOG_COMPILER_APPICON_NAME = AppIcon;
				ASSETCATALOG_COMPILER_GLOBAL_ACCENT_COLOR_NAME = AccentColor;
				CODE_SIGN_STYLE = Automatic;
				CURRENT_PROJECT_VERSION = 1;
				GENERATE_INFOPLIST_FILE = YES;
				INFOPLIST_FILE = Flow/Info.plist;
				INFOPLIST_KEY_UIApplicationSupportsIndirectInputEvents = YES;
				INFOPLIST_KEY_UILaunchStoryboardName = LaunchScreen;
				INFOPLIST_KEY_UISupportedInterfaceOrientations_iPad = "UIInterfaceOrientationPortrait UIInterfaceOrientationPortraitUpsideDown UIInterfaceOrientationLandscapeLeft UIInterfaceOrientationLandscapeRight";
				INFOPLIST_KEY_UISupportedInterfaceOrientations_iPhone = "UIInterfaceOrientationPortrait UIInterfaceOrientationLandscapeLeft UIInterfaceOrientationLandscapeRight";
				LD_RUNPATH_SEARCH_PATHS = (
					"$(inherited)",
					"@executable_path/Frameworks",
				);
				MARKETING_VERSION = 1.0;
				PRODUCT_BUNDLE_IDENTIFIER = yepcock.Flow;
				PRODUCT_NAME = "$(TARGET_NAME)";
				STRING_CATALOG_GENERATE_SYMBOLS = YES;
				SWIFT_APPROACHABLE_CONCURRENCY = YES;
				SWIFT_DEFAULT_ACTOR_ISOLATION = MainActor;
				SWIFT_EMIT_LOC_STRINGS = YES;
				SWIFT_UPCOMING_FEATURE_MEMBER_IMPORT_VISIBILITY = YES;
				SWIFT_VERSION = 5.0;
				TARGETED_DEVICE_FAMILY = "1,2";
			};
			name = Debug;
		};
		A26812BF2F8A93A3002F6BFD /* Release */ = {
			isa = XCBuildConfiguration;
			buildSettings = {
				ASSETCATALOG_COMPILER_APPICON_NAME = AppIcon;
				ASSETCATALOG_COMPILER_GLOBAL_ACCENT_COLOR_NAME = AccentColor;
				CODE_SIGN_STYLE = Automatic;
				CURRENT_PROJECT_VERSION = 1;
				GENERATE_INFOPLIST_FILE = YES;
				INFOPLIST_FILE = Flow/Info.plist;
				INFOPLIST_KEY_UIApplicationSupportsIndirectInputEvents = YES;
				INFOPLIST_KEY_UILaunchStoryboardName = LaunchScreen;
				INFOPLIST_KEY_UISupportedInterfaceOrientations_iPad = "UIInterfaceOrientationPortrait UIInterfaceOrientationPortraitUpsideDown UIInterfaceOrientationLandscapeLeft UIInterfaceOrientationLandscapeRight";
				INFOPLIST_KEY_UISupportedInterfaceOrientations_iPhone = "UIInterfaceOrientationPortrait UIInterfaceOrientationLandscapeLeft UIInterfaceOrientationLandscapeRight";
				LD_RUNPATH_SEARCH_PATHS = (
					"$(inherited)",
					"@executable_path/Frameworks",
				);
				MARKETING_VERSION = 1.0;
				PRODUCT_BUNDLE_IDENTIFIER = yepcock.Flow;
				PRODUCT_NAME = "$(TARGET_NAME)";
				STRING_CATALOG_GENERATE_SYMBOLS = YES;
				SWIFT_APPROACHABLE_CONCURRENCY = YES;
				SWIFT_DEFAULT_ACTOR_ISOLATION = MainActor;
				SWIFT_EMIT_LOC_STRINGS = YES;
				SWIFT_UPCOMING_FEATURE_MEMBER_IMPORT_VISIBILITY = YES;
				SWIFT_VERSION = 5.0;
				TARGETED_DEVICE_FAMILY = "1,2";
			};
			name = Release;
		};
		A26812C02F8A93A3002F6BFD /* Debug */ = {
			isa = XCBuildConfiguration;
			buildSettings = {
				ALWAYS_SEARCH_USER_PATHS = NO;
				ASSETCATALOG_COMPILER_GENERATE_SWIFT_ASSET_SYMBOL_EXTENSIONS = YES;
				CLANG_ANALYZER_NONNULL = YES;
				CLANG_ANALYZER_NUMBER_OBJECT_CONVERSION = YES_AGGRESSIVE;
				CLANG_CXX_LANGUAGE_STANDARD = "gnu++20";
				CLANG_ENABLE_MODULES = YES;
				CLANG_ENABLE_OBJC_ARC = YES;
				CLANG_ENABLE_OBJC_WEAK = YES;
				CLANG_WARN_BLOCK_CAPTURE_AUTORELEASING = YES;
				CLANG_WARN_BOOL_CONVERSION = YES;
				CLANG_WARN_COMMA = YES;
				CLANG_WARN_CONSTANT_CONVERSION = YES;
				CLANG_WARN_DEPRECATED_OBJC_IMPLEMENTATIONS = YES;
				CLANG_WARN_DIRECT_OBJC_ISA_USAGE = YES_ERROR;
				CLANG_WARN_DOCUMENTATION_COMMENTS = YES;
				CLANG_WARN_EMPTY_BODY = YES;
				CLANG_WARN_ENUM_CONVERSION = YES;
				CLANG_WARN_INFINITE_RECURSION = YES;
				CLANG_WARN_INT_CONVERSION = YES;
				CLANG_WARN_NON_LITERAL_NULL_CONVERSION = YES;
				CLANG_WARN_OBJC_IMPLICIT_RETAIN_SELF = YES;
				CLANG_WARN_OBJC_LITERAL_CONVERSION = YES;
				CLANG_WARN_OBJC_ROOT_CLASS = YES_ERROR;
				CLANG_WARN_QUOTED_INCLUDE_IN_FRAMEWORK_HEADER = YES;
				CLANG_WARN_RANGE_LOOP_ANALYSIS = YES;
				CLANG_WARN_STRICT_PROTOTYPES = YES;
				CLANG_WARN_SUSPICIOUS_MOVE = YES;
				CLANG_WARN_UNGUARDED_AVAILABILITY = YES_AGGRESSIVE;
				CLANG_WARN_UNREACHABLE_CODE = YES;
				CLANG_WARN__DUPLICATE_METHOD_MATCH = YES;
				COPY_PHASE_STRIP = NO;
				DEBUG_INFORMATION_FORMAT = dwarf;
				ENABLE_STRICT_OBJC_MSGSEND = YES;
				ENABLE_TESTABILITY = YES;
				ENABLE_USER_SCRIPT_SANDBOXING = YES;
				GCC_C_LANGUAGE_STANDARD = gnu17;
				GCC_DYNAMIC_NO_PIC = NO;
				GCC_NO_COMMON_BLOCKS = YES;
				GCC_OPTIMIZATION_LEVEL = 0;
				GCC_PREPROCESSOR_DEFINITIONS = (
					"DEBUG=1",
					"$(inherited)",
				);
				GCC_WARN_64_TO_32_BIT_CONVERSION = YES;
				GCC_WARN_ABOUT_RETURN_TYPE = YES_ERROR;
				GCC_WARN_UNDECLARED_SELECTOR = YES;
				GCC_WARN_UNINITIALIZED_AUTOS = YES_AGGRESSIVE;
				GCC_WARN_UNUSED_FUNCTION = YES;
				GCC_WARN_UNUSED_VARIABLE = YES;
				IPHONEOS_DEPLOYMENT_TARGET = 26.0;
				LOCALIZATION_PREFERS_STRING_CATALOGS = YES;
				MTL_ENABLE_DEBUG_INFO = INCLUDE_SOURCE;
				MTL_FAST_MATH = YES;
				ONLY_ACTIVE_ARCH = YES;
				SDKROOT = iphoneos;
				SWIFT_ACTIVE_COMPILATION_CONDITIONS = "DEBUG $(inherited)";
				SWIFT_OPTIMIZATION_LEVEL = "-Onone";
			};
			name = Debug;
		};
		A26812C12F8A93A3002F6BFD /* Release */ = {
			isa = XCBuildConfiguration;
			buildSettings = {
				ALWAYS_SEARCH_USER_PATHS = NO;
				ASSETCATALOG_COMPILER_GENERATE_SWIFT_ASSET_SYMBOL_EXTENSIONS = YES;
				CLANG_ANALYZER_NONNULL = YES;
				CLANG_ANALYZER_NUMBER_OBJECT_CONVERSION = YES_AGGRESSIVE;
				CLANG_CXX_LANGUAGE_STANDARD = "gnu++20";
				CLANG_ENABLE_MODULES = YES;
				CLANG_ENABLE_OBJC_ARC = YES;
				CLANG_ENABLE_OBJC_WEAK = YES;
				CLANG_WARN_BLOCK_CAPTURE_AUTORELEASING = YES;
				CLANG_WARN_BOOL_CONVERSION = YES;
				CLANG_WARN_COMMA = YES;
				CLANG_WARN_CONSTANT_CONVERSION = YES;
				CLANG_WARN_DEPRECATED_OBJC_IMPLEMENTATIONS = YES;
				CLANG_WARN_DIRECT_OBJC_ISA_USAGE = YES_ERROR;
				CLANG_WARN_DOCUMENTATION_COMMENTS = YES;
				CLANG_WARN_EMPTY_BODY = YES;
				CLANG_WARN_ENUM_CONVERSION = YES;
				CLANG_WARN_INFINITE_RECURSION = YES;
				CLANG_WARN_INT_CONVERSION = YES;
				CLANG_WARN_NON_LITERAL_NULL_CONVERSION = YES;
				CLANG_WARN_OBJC_IMPLICIT_RETAIN_SELF = YES;
				CLANG_WARN_OBJC_LITERAL_CONVERSION = YES;
				CLANG_WARN_OBJC_ROOT_CLASS = YES_ERROR;
				CLANG_WARN_QUOTED_INCLUDE_IN_FRAMEWORK_HEADER = YES;
				CLANG_WARN_RANGE_LOOP_ANALYSIS = YES;
				CLANG_WARN_STRICT_PROTOTYPES = YES;
				CLANG_WARN_SUSPICIOUS_MOVE = YES;
				CLANG_WARN_UNGUARDED_AVAILABILITY = YES_AGGRESSIVE;
				CLANG_WARN_UNREACHABLE_CODE = YES;
				CLANG_WARN__DUPLICATE_METHOD_MATCH = YES;
				COPY_PHASE_STRIP = NO;
				DEBUG_INFORMATION_FORMAT = "dwarf-with-dsym";
				ENABLE_NS_ASSERTIONS = NO;
				ENABLE_STRICT_OBJC_MSGSEND = YES;
				ENABLE_USER_SCRIPT_SANDBOXING = YES;
				GCC_C_LANGUAGE_STANDARD = gnu17;
				GCC_NO_COMMON_BLOCKS = YES;
				GCC_WARN_64_TO_32_BIT_CONVERSION = YES;
				GCC_WARN_ABOUT_RETURN_TYPE = YES_ERROR;
				GCC_WARN_UNDECLARED_SELECTOR = YES;
				GCC_WARN_UNINITIALIZED_AUTOS = YES_AGGRESSIVE;
				GCC_WARN_UNUSED_FUNCTION = YES;
				GCC_WARN_UNUSED_VARIABLE = YES;
				IPHONEOS_DEPLOYMENT_TARGET = 26.0;
				LOCALIZATION_PREFERS_STRING_CATALOGS = YES;
				MTL_ENABLE_DEBUG_INFO = NO;
				MTL_FAST_MATH = YES;
				SDKROOT = iphoneos;
				SWIFT_COMPILATION_MODE = wholemodule;
				VALIDATE_PRODUCT = YES;
			};
			name = Release;
		};
/* End XCBuildConfiguration section */

/* Begin XCConfigurationList section */
		A26812A52F8A93A1002F6BFD /* Build configuration list for PBXProject "Flow" */ = {
			isa = XCConfigurationList;
			buildConfigurations = (
				A26812C02F8A93A3002F6BFD /* Debug */,
				A26812C12F8A93A3002F6BFD /* Release */,
			);
			defaultConfigurationIsVisible = 0;
			defaultConfigurationName = Release;
		};
		A26812BD2F8A93A3002F6BFD /* Build configuration list for PBXNativeTarget "Flow" */ = {
			isa = XCConfigurationList;
			buildConfigurations = (
				A26812BE2F8A93A3002F6BFD /* Debug */,
				A26812BF2F8A93A3002F6BFD /* Release */,
			);
			defaultConfigurationIsVisible = 0;
			defaultConfigurationName = Release;
		};
/* End XCConfigurationList section */
	};
	rootObject = A26812A22F8A93A1002F6BFD /* Project object */;
}
